<?xml version="1.0" encoding="utf-8"?>
<Project ToolsVersion="4.0" xmlns="http://schemas.microsoft.com/developer/msbuild/2003">
  <ItemGroup>
    <ClInclude Include="ApiHooks.h" />
    <ClInclude Include="pch.h" />
    <ClInclude Include="PhysicalGpu.h" />
    <ClInclude Include="ApiExport.h" />
    <ClInclude Include="StatusInterpreter.h" />
    <ClInclude Include="ApiError.h" />
    <ClInclude Include="PhysicalGpuProvider.h" />
  </ItemGroup>
  <ItemGroup>
    <ClCompile Include="ApiHooks.cpp" />
    <ClCompile Include="pch.cpp" />
    <ClCompile Include="PhysicalGpu.cpp" />
    <ClCompile Include="StatusInterpreter.cpp" />
    <ClCompile Include="ApiError.cpp" />
    <ClCompile Include="PhysicalGpuProvider.cpp" />
  </ItemGroup>
</Project>